
Microsoft Visual Studio Solution File, Format Version 12.00
# Visual Studio Version 16
VisualStudioVersion = 16.0.32510.428
MinimumVisualStudioVersion = 10.0.40219.1
Project("{FAE04EC0-301F-11D3-BF4B-00C04F79EFBC}") = "FWLoader", "./FWLoader/FWLoader.csproj", "{D31269ED-6323-4514-A727-71152DCDFCAA}"
EndProject
Global
	GlobalSection(SolutionConfigurationPlatforms) = preSolution
		Debug|Any CPU = Debug|Any CPU
		Release|Any CPU = Release|Any CPU
	EndGlobalSection
	GlobalSection(ProjectConfigurationPlatforms) = postSolution
		{D31269ED-6323-4514-A727-71152DCDFCAA}.Debug|Any CPU.ActiveCfg = Debug|Any CPU
		{D31269ED-6323-4514-A727-71152DCDFCAA}.Debug|Any CPU.Build.0 = Debug|Any CPU
		{D31269ED-6323-4514-A727-71152DCDFCAA}.Release|Any CPU.ActiveCfg = Release|Any CPU
		{D31269ED-6323-4514-A727-71152DCDFCAA}.Release|Any CPU.Build.0 = Release|Any CPU
	EndGlobalSection
	GlobalSection(SolutionProperties) = preSolution
		HideSolutionNode = FALSE
	EndGlobalSection
	GlobalSection(ExtensibilityGlobals) = postSolution
		SolutionGuid = {94FEDA50-6498-4CBA-B69F-DE61AF67AEAD}
	EndGlobalSection
EndGlobal
